
Microsoft Visual Studio Solution File, Format Version 12.00
# Visual Studio 15
VisualStudioVersion = 15.0.28010.2003
MinimumVisualStudioVersion = 10.0.40219.1
Project("{FAE04EC0-301F-11D3-BF4B-00C04F79EFBC}") = "RestoreCommandPrompt", "RestoreCommandPrompt\RestoreCommandPrompt.csproj", "{042FB027-164B-4009-9C42-98E0FFB2D05B}"
EndProject
Global
	GlobalSection(SolutionConfigurationPlatforms) = preSolution
		Debug|Any CPU = Debug|Any CPU
		Release|Any CPU = Release|Any CPU
	EndGlobalSection
	GlobalSection(ProjectConfigurationPlatforms) = postSolution
		{042FB027-164B-4009-9C42-98E0FFB2D05B}.Debug|Any CPU.ActiveCfg = Debug|Any CPU
		{042FB027-164B-4009-9C42-98E0FFB2D05B}.Debug|Any CPU.Build.0 = Debug|Any CPU
		{042FB027-164B-4009-9C42-98E0FFB2D05B}.Release|Any CPU.ActiveCfg = Release|Any CPU
		{042FB027-164B-4009-9C42-98E0FFB2D05B}.Release|Any CPU.Build.0 = Release|Any CPU
	EndGlobalSection
	GlobalSection(SolutionProperties) = preSolution
		HideSolutionNode = FALSE
	EndGlobalSection
	GlobalSection(ExtensibilityGlobals) = postSolution
		SolutionGuid = {CEBDD179-C6D8-42F5-9A69-1162D433F96A}
	EndGlobalSection
EndGlobal
